
Microsoft Visual Studio Solution File, Format Version 12.00
# Visual Studio Version 16
VisualStudioVersion = 16.0.30114.105
MinimumVisualStudioVersion = 15.0.26124.0
Project("{FAE04EC0-301F-11D3-BF4B-00C04F79EFBC}") = "Mikebm.TestLibrary", "Mikebm.TestLibrary\Mikebm.TestLibrary.csproj", "{5C6D5141-9499-4419-9BC9-BC1EB1BA3861}"
EndProject
Project("{FAE04EC0-301F-11D3-BF4B-00C04F79EFBC}") = "Mikebm.TestLibrary.Tests", "Mikebm.TestLibrary.Tests\Mikebm.TestLibrary.Tests.csproj", "{236E8107-3159-407F-95DB-4D4AE2F49CC4}"
EndProject
Global
	GlobalSection(SolutionConfigurationPlatforms) = preSolution
		Debug|Any CPU = Debug|Any CPU
		Debug|x64 = Debug|x64
		Debug|x86 = Debug|x86
		Release|Any CPU = Release|Any CPU
		Release|x64 = Release|x64
		Release|x86 = Release|x86
	EndGlobalSection
	GlobalSection(ProjectConfigurationPlatforms) = postSolution
		{5C6D5141-9499-4419-9BC9-BC1EB1BA3861}.Debug|Any CPU.ActiveCfg = Debug|Any CPU
		{5C6D5141-9499-4419-9BC9-BC1EB1BA3861}.Debug|Any CPU.Build.0 = Debug|Any CPU
		{5C6D5141-9499-4419-9BC9-BC1EB1BA3861}.Debug|x64.ActiveCfg = Debug|Any CPU
		{5C6D5141-9499-4419-9BC9-BC1EB1BA3861}.Debug|x64.Build.0 = Debug|Any CPU
		{5C6D5141-9499-4419-9BC9-BC1EB1BA3861}.Debug|x86.ActiveCfg = Debug|Any CPU
		{5C6D5141-9499-4419-9BC9-BC1EB1BA3861}.Debug|x86.Build.0 = Debug|Any CPU
		{5C6D5141-9499-4419-9BC9-BC1EB1BA3861}.Release|Any CPU.ActiveCfg = Release|Any CPU
		{5C6D5141-9499-4419-9BC9-BC1EB1BA3861}.Release|Any CPU.Build.0 = Release|Any CPU
		{5C6D5141-9499-4419-9BC9-BC1EB1BA3861}.Release|x64.ActiveCfg = Release|Any CPU
		{5C6D5141-9499-4419-9BC9-BC1EB1BA3861}.Release|x64.Build.0 = Release|Any CPU
		{5C6D5141-9499-4419-9BC9-BC1EB1BA3861}.Release|x86.ActiveCfg = Release|Any CPU
		{5C6D5141-9499-4419-9BC9-BC1EB1BA3861}.Release|x86.Build.0 = Release|Any CPU
		{236E8107-3159-407F-95DB-4D4AE2F49CC4}.Debug|Any CPU.ActiveCfg = Debug|Any CPU
		{236E8107-3159-407F-95DB-4D4AE2F49CC4}.Debug|Any CPU.Build.0 = Debug|Any CPU
		{236E8107-3159-407F-95DB-4D4AE2F49CC4}.Debug|x64.ActiveCfg = Debug|Any CPU
		{236E8107-3159-407F-95DB-4D4AE2F49CC4}.Debug|x64.Build.0 = Debug|Any CPU
		{236E8107-3159-407F-95DB-4D4AE2F49CC4}.Debug|x86.ActiveCfg = Debug|Any CPU
		{236E8107-3159-407F-95DB-4D4AE2F49CC4}.Debug|x86.Build.0 = Debug|Any CPU
		{236E8107-3159-407F-95DB-4D4AE2F49CC4}.Release|Any CPU.ActiveCfg = Release|Any CPU
		{236E8107-3159-407F-95DB-4D4AE2F49CC4}.Release|Any CPU.Build.0 = Release|Any CPU
		{236E8107-3159-407F-95DB-4D4AE2F49CC4}.Release|x64.ActiveCfg = Release|Any CPU
		{236E8107-3159-407F-95DB-4D4AE2F49CC4}.Release|x64.Build.0 = Release|Any CPU
		{236E8107-3159-407F-95DB-4D4AE2F49CC4}.Release|x86.ActiveCfg = Release|Any CPU
		{236E8107-3159-407F-95DB-4D4AE2F49CC4}.Release|x86.Build.0 = Release|Any CPU
	EndGlobalSection
	GlobalSection(SolutionProperties) = preSolution
		HideSolutionNode = FALSE
	EndGlobalSection
	GlobalSection(ExtensibilityGlobals) = postSolution
		SolutionGuid = {B6F34D01-DE16-469E-8815-5D726CABC3CF}
	EndGlobalSection
EndGlobal
